// !$*UTF8*$!
{
	archiveVersion = 1;
	classes = {
	};
	objectVersion = 55;
	objects = {

/* Begin PBXBuildFile section */
		5CDB45C728DB4A5E00B8DCA6 /* labApp.swift in Sources */ = {isa = PBXBuildFile; fileRef = 5CDB45C628DB4A5E00B8DCA6 /* labApp.swift */; };
		5CDB45C928DB4A5E00B8DCA6 /* ContentView.swift in Sources */ = {isa = PBXBuildFile; fileRef = 5CDB45C828DB4A5E00B8DCA6 /* ContentView.swift */; };
		5CDB45CB28DB4A6000B8DCA6 /* Assets.xcassets in Resources */ = {isa = PBXBuildFile; fileRef = 5CDB45CA28DB4A6000B8DCA6 /* Assets.xcassets */; };
		5CDB45CE28DB4A6000B8DCA6 /* Preview Assets.xcassets in Resources */ = {isa = PBXBuildFile; fileRef = 5CDB45CD28DB4A6000B8DCA6 /* Preview Assets.xcassets */; };
		5CDB45D028DB4A6000B8DCA6 /* Persistence.swift in Sources */ = {isa = PBXBuildFile; fileRef = 5CDB45CF28DB4A6000B8DCA6 /* Persistence.swift */; };
		5CDB45D328DB4A6000B8DCA6 /* lab.xcdatamodeld in Sources */ = {isa = PBXBuildFile; fileRef = 5CDB45D128DB4A6000B8DCA6 /* lab.xcdatamodeld */; };
		5CDB45DD28DB4A6100B8DCA6 /* labTests.swift in Sources */ = {isa = PBXBuildFile; fileRef = 5CDB45DC28DB4A6100B8DCA6 /* labTests.swift */; };
		5CDB45E728DB4A6100B8DCA6 /* labUITests.swift in Sources */ = {isa = PBXBuildFile; fileRef = 5CDB45E628DB4A6100B8DCA6 /* labUITests.swift */; };
		5CDB45E928DB4A6100B8DCA6 /* labUITestsLaunchTests.swift in Sources */ = {isa = PBXBuildFile; fileRef = 5CDB45E828DB4A6100B8DCA6 /* labUITestsLaunchTests.swift */; };
/* End PBXBuildFile section */

/* Begin PBXContainerItemProxy section */
		5CDB45D928DB4A6100B8DCA6 /* PBXContainerItemProxy */ = {
			isa = PBXContainerItemProxy;
			containerPortal = 5CDB45BB28DB4A5E00B8DCA6 /* Project object */;
			proxyType = 1;
			remoteGlobalIDString = 5CDB45C228DB4A5E00B8DCA6;
			remoteInfo = lab;
		};
		5CDB45E328DB4A6100B8DCA6 /* PBXContainerItemProxy */ = {
			isa = PBXContainerItemProxy;
			containerPortal = 5CDB45BB28DB4A5E00B8DCA6 /* Project object */;
			proxyType = 1;
			remoteGlobalIDString = 5CDB45C228DB4A5E00B8DCA6;
			remoteInfo = lab;
		};
/* End PBXContainerItemProxy section */

/* Begin PBXFileReference section */
		5CDB45C328DB4A5E00B8DCA6 /* lab.app */ = {isa = PBXFileReference; explicitFileType = wrapper.application; includeInIndex = 0; path = lab.app; sourceTree = BUILT_PRODUCTS_DIR; };
		5CDB45C628DB4A5E00B8DCA6 /* labApp.swift */ = {isa = PBXFileReference; lastKnownFileType = sourcecode.swift; path = labApp.swift; sourceTree = "<group>"; };
		5CDB45C828DB4A5E00B8DCA6 /* ContentView.swift */ = {isa = PBXFileReference; lastKnownFileType = sourcecode.swift; path = ContentView.swift; sourceTree = "<group>"; };
		5CDB45CA28DB4A6000B8DCA6 /* Assets.xcassets */ = {isa = PBXFileReference; lastKnownFileType = folder.assetcatalog; path = Assets.xcassets; sourceTree = "<group>"; };
		5CDB45CD28DB4A6000B8DCA6 /* Preview Assets.xcassets */ = {isa = PBXFileReference; lastKnownFileType = folder.assetcatalog; path = "Preview Assets.xcassets"; sourceTree = "<group>"; };
		5CDB45CF28DB4A6000B8DCA6 /* Persistence.swift */ = {isa = PBXFileReference; lastKnownFileType = sourcecode.swift; path = Persistence.swift; sourceTree = "<group>"; };
		5CDB45D228DB4A6000B8DCA6 /* lab.xcdatamodel */ = {isa = PBXFileReference; lastKnownFileType = wrapper.xcdatamodel; path = lab.xcdatamodel; sourceTree = "<group>"; };
		5CDB45D828DB4A6100B8DCA6 /* labTests.xctest */ = {isa = PBXFileReference; explicitFileType = wrapper.cfbundle; includeInIndex = 0; path = labTests.xctest; sourceTree = BUILT_PRODUCTS_DIR; };
		5CDB45DC28DB4A6100B8DCA6 /* labTests.swift */ = {isa = PBXFileReference; lastKnownFileType = sourcecode.swift; path = labTests.swift; sourceTree = "<group>"; };
		5CDB45E228DB4A6100B8DCA6 /* labUITests.xctest */ = {isa = PBXFileReference; explicitFileType = wrapper.cfbundle; includeInIndex = 0; path = labUITests.xctest; sourceTree = BUILT_PRODUCTS_DIR; };
		5CDB45E628DB4A6100B8DCA6 /* labUITests.swift */ = {isa = PBXFileReference; lastKnownFileType = sourcecode.swift; path = labUITests.swift; sourceTree = "<group>"; };
		5CDB45E828DB4A6100B8DCA6 /* labUITestsLaunchTests.swift */ = {isa = PBXFileReference; lastKnownFileType = sourcecode.swift; path = labUITestsLaunchTests.swift; sourceTree = "<group>"; };
/* End PBXFileReference section */

/* Begin PBXFrameworksBuildPhase section */
		5CDB45C028DB4A5E00B8DCA6 /* Frameworks */ = {
			isa = PBXFrameworksBuildPhase;
			buildActionMask = 2147483647;
			files = (
			);
			runOnlyForDeploymentPostprocessing = 0;
		};
		5CDB45D528DB4A6100B8DCA6 /* Frameworks */ = {
			isa = PBXFrameworksBuildPhase;
			buildActionMask = 2147483647;
			files = (
			);
			runOnlyForDeploymentPostprocessing = 0;
		};
		5CDB45DF28DB4A6100B8DCA6 /* Frameworks */ = {
			isa = PBXFrameworksBuildPhase;
			buildActionMask = 2147483647;
			files = (
			);
			runOnlyForDeploymentPostprocessing = 0;
		};
/* End PBXFrameworksBuildPhase section */

/* Begin PBXGroup section */
		5CDB45BA28DB4A5E00B8DCA6 = {
			isa = PBXGroup;
			children = (
				5CDB45C528DB4A5E00B8DCA6 /* lab */,
				5CDB45DB28DB4A6100B8DCA6 /* labTests */,
				5CDB45E528DB4A6100B8DCA6 /* labUITests */,
				5CDB45C428DB4A5E00B8DCA6 /* Products */,
			);
			sourceTree = "<group>";
		};
		5CDB45C428DB4A5E00B8DCA6 /* Products */ = {
			isa = PBXGroup;
			children = (
				5CDB45C328DB4A5E00B8DCA6 /* lab.app */,
				5CDB45D828DB4A6100B8DCA6 /* labTests.xctest */,
				5CDB45E228DB4A6100B8DCA6 /* labUITests.xctest */,
			);
			name = Products;
			sourceTree = "<group>";
		};
		5CDB45C528DB4A5E00B8DCA6 /* lab */ = {
			isa = PBXGroup;
			children = (
				5CDB45C628DB4A5E00B8DCA6 /* labApp.swift */,
				5CDB45C828DB4A5E00B8DCA6 /* ContentView.swift */,
				5CDB45CA28DB4A6000B8DCA6 /* Assets.xcassets */,
				5CDB45CF28DB4A6000B8DCA6 /* Persistence.swift */,
				5CDB45D128DB4A6000B8DCA6 /* lab.xcdatamodeld */,
				5CDB45CC28DB4A6000B8DCA6 /* Preview Content */,
			);
			path = lab;
			sourceTree = "<group>";
		};
		5CDB45CC28DB4A6000B8DCA6 /* Preview Content */ = {
			isa = PBXGroup;
			children = (
				5CDB45CD28DB4A6000B8DCA6 /* Preview Assets.xcassets */,
			);
			path = "Preview Content";
			sourceTree = "<group>";
		};
		5CDB45DB28DB4A6100B8DCA6 /* labTests */ = {
			isa = PBXGroup;
			children = (
				5CDB45DC28DB4A6100B8DCA6 /* labTests.swift */,
			);
			path = labTests;
			sourceTree = "<group>";
		};
		5CDB45E528DB4A6100B8DCA6 /* labUITests */ = {
			isa = PBXGroup;
			children = (
				5CDB45E628DB4A6100B8DCA6 /* labUITests.swift */,
				5CDB45E828DB4A6100B8DCA6 /* labUITestsLaunchTests.swift */,
			);
			path = labUITests;
			sourceTree = "<group>";
		};
/* End PBXGroup section */

/* Begin PBXNativeTarget section */
		5CDB45C228DB4A5E00B8DCA6 /* lab */ = {
			isa = PBXNativeTarget;
			buildConfigurationList = 5CDB45EC28DB4A6100B8DCA6 /* Build configuration list for PBXNativeTarget "lab" */;
			buildPhases = (
				5CDB45BF28DB4A5E00B8DCA6 /* Sources */,
				5CDB45C028DB4A5E00B8DCA6 /* Frameworks */,
				5CDB45C128DB4A5E00B8DCA6 /* Resources */,
			);
			buildRules = (
			);
			dependencies = (
			);
			name = lab;
			productName = lab;
			productReference = 5CDB45C328DB4A5E00B8DCA6 /* lab.app */;
			productType = "com.apple.product-type.application";
		};
		5CDB45D728DB4A6100B8DCA6 /* labTests */ = {
			isa = PBXNativeTarget;
			buildConfigurationList = 5CDB45EF28DB4A6100B8DCA6 /* Build configuration list for PBXNativeTarget "labTests" */;
			buildPhases = (
				5CDB45D428DB4A6100B8DCA6 /* Sources */,
				5CDB45D528DB4A6100B8DCA6 /* Frameworks */,
				5CDB45D628DB4A6100B8DCA6 /* Resources */,
			);
			buildRules = (
			);
			dependencies = (
				5CDB45DA28DB4A6100B8DCA6 /* PBXTargetDependency */,
			);
			name = labTests;
			productName = labTests;
			productReference = 5CDB45D828DB4A6100B8DCA6 /* labTests.xctest */;
			productType = "com.apple.product-type.bundle.unit-test";
		};
		5CDB45E128DB4A6100B8DCA6 /* labUITests */ = {
			isa = PBXNativeTarget;
			buildConfigurationList = 5CDB45F228DB4A6100B8DCA6 /* Build configuration list for PBXNativeTarget "labUITests" */;
			buildPhases = (
				5CDB45DE28DB4A6100B8DCA6 /* Sources */,
				5CDB45DF28DB4A6100B8DCA6 /* Frameworks */,
				5CDB45E028DB4A6100B8DCA6 /* Resources */,
			);
			buildRules = (
			);
			dependencies = (
				5CDB45E428DB4A6100B8DCA6 /* PBXTargetDependency */,
			);
			name = labUITests;
			productName = labUITests;
			productReference = 5CDB45E228DB4A6100B8DCA6 /* labUITests.xctest */;
			productType = "com.apple.product-type.bundle.ui-testing";
		};
/* End PBXNativeTarget section */

/* Begin PBXProject section */
		5CDB45BB28DB4A5E00B8DCA6 /* Project object */ = {
			isa = PBXProject;
			attributes = {
				BuildIndependentTargetsInParallel = 1;
				LastSwiftUpdateCheck = 1330;
				LastUpgradeCheck = 1330;
				TargetAttributes = {
					5CDB45C228DB4A5E00B8DCA6 = {
						CreatedOnToolsVersion = 13.3;
					};
					5CDB45D728DB4A6100B8DCA6 = {
						CreatedOnToolsVersion = 13.3;
						TestTargetID = 5CDB45C228DB4A5E00B8DCA6;
					};
					5CDB45E128DB4A6100B8DCA6 = {
						CreatedOnToolsVersion = 13.3;
						TestTargetID = 5CDB45C228DB4A5E00B8DCA6;
					};
				};
			};
			buildConfigurationList = 5CDB45BE28DB4A5E00B8DCA6 /* Build configuration list for PBXProject "lab" */;
			compatibilityVersion = "Xcode 13.0";
			developmentRegion = en;
			hasScannedForEncodings = 0;
			knownRegions = (
				en,
				Base,
			);
			mainGroup = 5CDB45BA28DB4A5E00B8DCA6;
			productRefGroup = 5CDB45C428DB4A5E00B8DCA6 /* Products */;
			projectDirPath = "";
			projectRoot = "";
			targets = (
				5CDB45C228DB4A5E00B8DCA6 /* lab */,
				5CDB45D728DB4A6100B8DCA6 /* labTests */,
				5CDB45E128DB4A6100B8DCA6 /* labUITests */,
			);
		};
/* End PBXProject section */

/* Begin PBXResourcesBuildPhase section */
		5CDB45C128DB4A5E00B8DCA6 /* Resources */ = {
			isa = PBXResourcesBuildPhase;
			buildActionMask = 2147483647;
			files = (
				5CDB45CE28DB4A6000B8DCA6 /* Preview Assets.xcassets in Resources */,
				5CDB45CB28DB4A6000B8DCA6 /* Assets.xcassets in Resources */,
			);
			runOnlyForDeploymentPostprocessing = 0;
		};
		5CDB45D628DB4A6100B8DCA6 /* Resources */ = {
			isa = PBXResourcesBuildPhase;
			buildActionMask = 2147483647;
			files = (
			);
			runOnlyForDeploymentPostprocessing = 0;
		};
		5CDB45E028DB4A6100B8DCA6 /* Resources */ = {
			isa = PBXResourcesBuildPhase;
			buildActionMask = 2147483647;
			files = (
			);
			runOnlyForDeploymentPostprocessing = 0;
		};
/* End PBXResourcesBuildPhase section */

/* Begin PBXSourcesBuildPhase section */
		5CDB45BF28DB4A5E00B8DCA6 /* Sources */ = {
			isa = PBXSourcesBuildPhase;
			buildActionMask = 2147483647;
			files = (
				5CDB45D028DB4A6000B8DCA6 /* Persistence.swift in Sources */,
				5CDB45C928DB4A5E00B8DCA6 /* ContentView.swift in Sources */,
				5CDB45C728DB4A5E00B8DCA6 /* labApp.swift in Sources */,
				5CDB45D328DB4A6000B8DCA6 /* lab.xcdatamodeld in Sources */,
			);
			runOnlyForDeploymentPostprocessing = 0;
		};
		5CDB45D428DB4A6100B8DCA6 /* Sources */ = {
			isa = PBXSourcesBuildPhase;
			buildActionMask = 2147483647;
			files = (
				5CDB45DD28DB4A6100B8DCA6 /* labTests.swift in Sources */,
			);
			runOnlyForDeploymentPostprocessing = 0;
		};
		5CDB45DE28DB4A6100B8DCA6 /* Sources */ = {
			isa = PBXSourcesBuildPhase;
			buildActionMask = 2147483647;
			files = (
				5CDB45E928DB4A6100B8DCA6 /* labUITestsLaunchTests.swift in Sources */,
				5CDB45E728DB4A6100B8DCA6 /* labUITests.swift in Sources */,
			);
			runOnlyForDeploymentPostprocessing = 0;
		};
/* End PBXSourcesBuildPhase section */

/* Begin PBXTargetDependency section */
		5CDB45DA28DB4A6100B8DCA6 /* PBXTargetDependency */ = {
			isa = PBXTargetDependency;
			target = 5CDB45C228DB4A5E00B8DCA6 /* lab */;
			targetProxy = 5CDB45D928DB4A6100B8DCA6 /* PBXContainerItemProxy */;
		};
		5CDB45E428DB4A6100B8DCA6 /* PBXTargetDependency */ = {
			isa = PBXTargetDependency;
			target = 5CDB45C228DB4A5E00B8DCA6 /* lab */;
			targetProxy = 5CDB45E328DB4A6100B8DCA6 /* PBXContainerItemProxy */;
		};
/* End PBXTargetDependency section */

/* Begin XCBuildConfiguration section */
		5CDB45EA28DB4A6100B8DCA6 /* Debug */ = {
			isa = XCBuildConfiguration;
			buildSettings = {
				ALWAYS_SEARCH_USER_PATHS = NO;
				CLANG_ANALYZER_NONNULL = YES;
				CLANG_ANALYZER_NUMBER_OBJECT_CONVERSION = YES_AGGRESSIVE;
				CLANG_CXX_LANGUAGE_STANDARD = "gnu++17";
				CLANG_ENABLE_MODULES = YES;
				CLANG_ENABLE_OBJC_ARC = YES;
				CLANG_ENABLE_OBJC_WEAK = YES;
				CLANG_WARN_BLOCK_CAPTURE_AUTORELEASING = YES;
				CLANG_WARN_BOOL_CONVERSION = YES;
				CLANG_WARN_COMMA = YES;
				CLANG_WARN_CONSTANT_CONVERSION = YES;
				CLANG_WARN_DEPRECATED_OBJC_IMPLEMENTATIONS = YES;
				CLANG_WARN_DIRECT_OBJC_ISA_USAGE = YES_ERROR;
				CLANG_WARN_DOCUMENTATION_COMMENTS = YES;
				CLANG_WARN_EMPTY_BODY = YES;
				CLANG_WARN_ENUM_CONVERSION = YES;
				CLANG_WARN_INFINITE_RECURSION = YES;
				CLANG_WARN_INT_CONVERSION = YES;
				CLANG_WARN_NON_LITERAL_NULL_CONVERSION = YES;
				CLANG_WARN_OBJC_IMPLICIT_RETAIN_SELF = YES;
				CLANG_WARN_OBJC_LITERAL_CONVERSION = YES;
				CLANG_WARN_OBJC_ROOT_CLASS = YES_ERROR;
				CLANG_WARN_QUOTED_INCLUDE_IN_FRAMEWORK_HEADER = YES;
				CLANG_WARN_RANGE_LOOP_ANALYSIS = YES;
				CLANG_WARN_STRICT_PROTOTYPES = YES;
				CLANG_WARN_SUSPICIOUS_MOVE = YES;
				CLANG_WARN_UNGUARDED_AVAILABILITY = YES_AGGRESSIVE;
				CLANG_WARN_UNREACHABLE_CODE = YES;
				CLANG_WARN__DUPLICATE_METHOD_MATCH = YES;
				COPY_PHASE_STRIP = NO;
				DEBUG_INFORMATION_FORMAT = dwarf;
				ENABLE_STRICT_OBJC_MSGSEND = YES;
				ENABLE_TESTABILITY = YES;
				GCC_C_LANGUAGE_STANDARD = gnu11;
				GCC_DYNAMIC_NO_PIC = NO;
				GCC_NO_COMMON_BLOCKS = YES;
				GCC_OPTIMIZATION_LEVEL = 0;
				GCC_PREPROCESSOR_DEFINITIONS = (
					"DEBUG=1",
					"$(inherited)",
				);
				GCC_WARN_64_TO_32_BIT_CONVERSION = YES;
				GCC_WARN_ABOUT_RETURN_TYPE = YES_ERROR;
				GCC_WARN_UNDECLARED_SELECTOR = YES;
				GCC_WARN_UNINITIALIZED_AUTOS = YES_AGGRESSIVE;
				GCC_WARN_UNUSED_FUNCTION = YES;
				GCC_WARN_UNUSED_VARIABLE = YES;
				IPHONEOS_DEPLOYMENT_TARGET = 15.4;
				MTL_ENABLE_DEBUG_INFO = INCLUDE_SOURCE;
				MTL_FAST_MATH = YES;
				ONLY_ACTIVE_ARCH = YES;
				SDKROOT = iphoneos;
				SWIFT_ACTIVE_COMPILATION_CONDITIONS = DEBUG;
				SWIFT_OPTIMIZATION_LEVEL = "-Onone";
			};
			name = Debug;
		};
		5CDB45EB28DB4A6100B8DCA6 /* Release */ = {
			isa = XCBuildConfiguration;
			buildSettings = {
				ALWAYS_SEARCH_USER_PATHS = NO;
				CLANG_ANALYZER_NONNULL = YES;
				CLANG_ANALYZER_NUMBER_OBJECT_CONVERSION = YES_AGGRESSIVE;
				CLANG_CXX_LANGUAGE_STANDARD = "gnu++17";
				CLANG_ENABLE_MODULES = YES;
				CLANG_ENABLE_OBJC_ARC = YES;
				CLANG_ENABLE_OBJC_WEAK = YES;
				CLANG_WARN_BLOCK_CAPTURE_AUTORELEASING = YES;
				CLANG_WARN_BOOL_CONVERSION = YES;
				CLANG_WARN_COMMA = YES;
				CLANG_WARN_CONSTANT_CONVERSION = YES;
				CLANG_WARN_DEPRECATED_OBJC_IMPLEMENTATIONS = YES;
				CLANG_WARN_DIRECT_OBJC_ISA_USAGE = YES_ERROR;
				CLANG_WARN_DOCUMENTATION_COMMENTS = YES;
				CLANG_WARN_EMPTY_BODY = YES;
				CLANG_WARN_ENUM_CONVERSION = YES;
				CLANG_WARN_INFINITE_RECURSION = YES;
				CLANG_WARN_INT_CONVERSION = YES;
				CLANG_WARN_NON_LITERAL_NULL_CONVERSION = YES;
				CLANG_WARN_OBJC_IMPLICIT_RETAIN_SELF = YES;
				CLANG_WARN_OBJC_LITERAL_CONVERSION = YES;
				CLANG_WARN_OBJC_ROOT_CLASS = YES_ERROR;
				CLANG_WARN_QUOTED_INCLUDE_IN_FRAMEWORK_HEADER = YES;
				CLANG_WARN_RANGE_LOOP_ANALYSIS = YES;
				CLANG_WARN_STRICT_PROTOTYPES = YES;
				CLANG_WARN_SUSPICIOUS_MOVE = YES;
				CLANG_WARN_UNGUARDED_AVAILABILITY = YES_AGGRESSIVE;
				CLANG_WARN_UNREACHABLE_CODE = YES;
				CLANG_WARN__DUPLICATE_METHOD_MATCH = YES;
				COPY_PHASE_STRIP = NO;
				DEBUG_INFORMATION_FORMAT = "dwarf-with-dsym";
				ENABLE_NS_ASSERTIONS = NO;
				ENABLE_STRICT_OBJC_MSGSEND = YES;
				GCC_C_LANGUAGE_STANDARD = gnu11;
				GCC_NO_COMMON_BLOCKS = YES;
				GCC_WARN_64_TO_32_BIT_CONVERSION = YES;
				GCC_WARN_ABOUT_RETURN_TYPE = YES_ERROR;
				GCC_WARN_UNDECLARED_SELECTOR = YES;
				GCC_WARN_UNINITIALIZED_AUTOS = YES_AGGRESSIVE;
				GCC_WARN_UNUSED_FUNCTION = YES;
				GCC_WARN_UNUSED_VARIABLE = YES;
				IPHONEOS_DEPLOYMENT_TARGET = 15.4;
				MTL_ENABLE_DEBUG_INFO = NO;
				MTL_FAST_MATH = YES;
				SDKROOT = iphoneos;
				SWIFT_COMPILATION_MODE = wholemodule;
				SWIFT_OPTIMIZATION_LEVEL = "-O";
				VALIDATE_PRODUCT = YES;
			};
			name = Release;
		};
		5CDB45ED28DB4A6100B8DCA6 /* Debug */ = {
			isa = XCBuildConfiguration;
			buildSettings = {
				ASSETCATALOG_COMPILER_APPICON_NAME = AppIcon;
				ASSETCATALOG_COMPILER_GLOBAL_ACCENT_COLOR_NAME = AccentColor;
				CODE_SIGN_STYLE = Automatic;
				CURRENT_PROJECT_VERSION = 1;
				DEVELOPMENT_ASSET_PATHS = "\"lab/Preview Content\"";
				ENABLE_PREVIEWS = YES;
				GENERATE_INFOPLIST_FILE = YES;
				INFOPLIST_KEY_UIApplicationSceneManifest_Generation = YES;
				INFOPLIST_KEY_UIApplicationSupportsIndirectInputEvents = YES;
				INFOPLIST_KEY_UILaunchScreen_Generation = YES;
				INFOPLIST_KEY_UISupportedInterfaceOrientations_iPad = "UIInterfaceOrientationPortrait UIInterfaceOrientationPortraitUpsideDown UIInterfaceOrientationLandscapeLeft UIInterfaceOrientationLandscapeRight";
				INFOPLIST_KEY_UISupportedInterfaceOrientations_iPhone = "UIInterfaceOrientationPortrait UIInterfaceOrientationLandscapeLeft UIInterfaceOrientationLandscapeRight";
				LD_RUNPATH_SEARCH_PATHS = (
					"$(inherited)",
					"@executable_path/Frameworks",
				);
				MARKETING_VERSION = 1.0;
				PRODUCT_BUNDLE_IDENTIFIER = atomzz.lab;
				PRODUCT_NAME = "$(TARGET_NAME)";
				SWIFT_EMIT_LOC_STRINGS = YES;
				SWIFT_VERSION = 5.0;
				TARGETED_DEVICE_FAMILY = "1,2";
			};
			name = Debug;
		};
		5CDB45EE28DB4A6100B8DCA6 /* Release */ = {
			isa = XCBuildConfiguration;
			buildSettings = {
				ASSETCATALOG_COMPILER_APPICON_NAME = AppIcon;
				ASSETCATALOG_COMPILER_GLOBAL_ACCENT_COLOR_NAME = AccentColor;
				CODE_SIGN_STYLE = Automatic;
				CURRENT_PROJECT_VERSION = 1;
				DEVELOPMENT_ASSET_PATHS = "\"lab/Preview Content\"";
				ENABLE_PREVIEWS = YES;
				GENERATE_INFOPLIST_FILE = YES;
				INFOPLIST_KEY_UIApplicationSceneManifest_Generation = YES;
				INFOPLIST_KEY_UIApplicationSupportsIndirectInputEvents = YES;
				INFOPLIST_KEY_UILaunchScreen_Generation = YES;
				INFOPLIST_KEY_UISupportedInterfaceOrientations_iPad = "UIInterfaceOrientationPortrait UIInterfaceOrientationPortraitUpsideDown UIInterfaceOrientationLandscapeLeft UIInterfaceOrientationLandscapeRight";
				INFOPLIST_KEY_UISupportedInterfaceOrientations_iPhone = "UIInterfaceOrientationPortrait UIInterfaceOrientationLandscapeLeft UIInterfaceOrientationLandscapeRight";
				LD_RUNPATH_SEARCH_PATHS = (
					"$(inherited)",
					"@executable_path/Frameworks",
				);
				MARKETING_VERSION = 1.0;
				PRODUCT_BUNDLE_IDENTIFIER = atomzz.lab;
				PRODUCT_NAME = "$(TARGET_NAME)";
				SWIFT_EMIT_LOC_STRINGS = YES;
				SWIFT_VERSION = 5.0;
				TARGETED_DEVICE_FAMILY = "1,2";
			};
			name = Release;
		};
		5CDB45F028DB4A6100B8DCA6 /* Debug */ = {
			isa = XCBuildConfiguration;
			buildSettings = {
				ALWAYS_EMBED_SWIFT_STANDARD_LIBRARIES = YES;
				BUNDLE_LOADER = "$(TEST_HOST)";
				CODE_SIGN_STYLE = Automatic;
				CURRENT_PROJECT_VERSION = 1;
				GENERATE_INFOPLIST_FILE = YES;
				IPHONEOS_DEPLOYMENT_TARGET = 15.4;
				MARKETING_VERSION = 1.0;
				PRODUCT_BUNDLE_IDENTIFIER = atomzz.labTests;
				PRODUCT_NAME = "$(TARGET_NAME)";
				SWIFT_EMIT_LOC_STRINGS = NO;
				SWIFT_VERSION = 5.0;
				TARGETED_DEVICE_FAMILY = "1,2";
				TEST_HOST = "$(BUILT_PRODUCTS_DIR)/lab.app/lab";
			};
			name = Debug;
		};
		5CDB45F128DB4A6100B8DCA6 /* Release */ = {
			isa = XCBuildConfiguration;
			buildSettings = {
				ALWAYS_EMBED_SWIFT_STANDARD_LIBRARIES = YES;
				BUNDLE_LOADER = "$(TEST_HOST)";
				CODE_SIGN_STYLE = Automatic;
				CURRENT_PROJECT_VERSION = 1;
				GENERATE_INFOPLIST_FILE = YES;
				IPHONEOS_DEPLOYMENT_TARGET = 15.4;
				MARKETING_VERSION = 1.0;
				PRODUCT_BUNDLE_IDENTIFIER = atomzz.labTests;
				PRODUCT_NAME = "$(TARGET_NAME)";
				SWIFT_EMIT_LOC_STRINGS = NO;
				SWIFT_VERSION = 5.0;
				TARGETED_DEVICE_FAMILY = "1,2";
				TEST_HOST = "$(BUILT_PRODUCTS_DIR)/lab.app/lab";
			};
			name = Release;
		};
		5CDB45F328DB4A6100B8DCA6 /* Debug */ = {
			isa = XCBuildConfiguration;
			buildSettings = {
				ALWAYS_EMBED_SWIFT_STANDARD_LIBRARIES = YES;
				CODE_SIGN_STYLE = Automatic;
				CURRENT_PROJECT_VERSION = 1;
				GENERATE_INFOPLIST_FILE = YES;
				MARKETING_VERSION = 1.0;
				PRODUCT_BUNDLE_IDENTIFIER = atomzz.labUITests;
				PRODUCT_NAME = "$(TARGET_NAME)";
				SWIFT_EMIT_LOC_STRINGS = NO;
				SWIFT_VERSION = 5.0;
				TARGETED_DEVICE_FAMILY = "1,2";
				TEST_TARGET_NAME = lab;
			};
			name = Debug;
		};
		5CDB45F428DB4A6100B8DCA6 /* Release */ = {
			isa = XCBuildConfiguration;
			buildSettings = {
				ALWAYS_EMBED_SWIFT_STANDARD_LIBRARIES = YES;
				CODE_SIGN_STYLE = Automatic;
				CURRENT_PROJECT_VERSION = 1;
				GENERATE_INFOPLIST_FILE = YES;
				MARKETING_VERSION = 1.0;
				PRODUCT_BUNDLE_IDENTIFIER = atomzz.labUITests;
				PRODUCT_NAME = "$(TARGET_NAME)";
				SWIFT_EMIT_LOC_STRINGS = NO;
				SWIFT_VERSION = 5.0;
				TARGETED_DEVICE_FAMILY = "1,2";
				TEST_TARGET_NAME = lab;
			};
			name = Release;
		};
/* End XCBuildConfiguration section */

/* Begin XCConfigurationList section */
		5CDB45BE28DB4A5E00B8DCA6 /* Build configuration list for PBXProject "lab" */ = {
			isa = XCConfigurationList;
			buildConfigurations = (
				5CDB45EA28DB4A6100B8DCA6 /* Debug */,
				5CDB45EB28DB4A6100B8DCA6 /* Release */,
			);
			defaultConfigurationIsVisible = 0;
			defaultConfigurationName = Release;
		};
		5CDB45EC28DB4A6100B8DCA6 /* Build configuration list for PBXNativeTarget "lab" */ = {
			isa = XCConfigurationList;
			buildConfigurations = (
				5CDB45ED28DB4A6100B8DCA6 /* Debug */,
				5CDB45EE28DB4A6100B8DCA6 /* Release */,
			);
			defaultConfigurationIsVisible = 0;
			defaultConfigurationName = Release;
		};
		5CDB45EF28DB4A6100B8DCA6 /* Build configuration list for PBXNativeTarget "labTests" */ = {
			isa = XCConfigurationList;
			buildConfigurations = (
				5CDB45F028DB4A6100B8DCA6 /* Debug */,
				5CDB45F128DB4A6100B8DCA6 /* Release */,
			);
			defaultConfigurationIsVisible = 0;
			defaultConfigurationName = Release;
		};
		5CDB45F228DB4A6100B8DCA6 /* Build configuration list for PBXNativeTarget "labUITests" */ = {
			isa = XCConfigurationList;
			buildConfigurations = (
				5CDB45F328DB4A6100B8DCA6 /* Debug */,
				5CDB45F428DB4A6100B8DCA6 /* Release */,
			);
			defaultConfigurationIsVisible = 0;
			defaultConfigurationName = Release;
		};
/* End XCConfigurationList section */

/* Begin XCVersionGroup section */
		5CDB45D128DB4A6000B8DCA6 /* lab.xcdatamodeld */ = {
			isa = XCVersionGroup;
			children = (
				5CDB45D228DB4A6000B8DCA6 /* lab.xcdatamodel */,
			);
			currentVersion = 5CDB45D228DB4A6000B8DCA6 /* lab.xcdatamodel */;
			path = lab.xcdatamodeld;
			sourceTree = "<group>";
			versionGroupType = wrapper.xcdatamodel;
		};
/* End XCVersionGroup section */
	};
	rootObject = 5CDB45BB28DB4A5E00B8DCA6 /* Project object */;
}
